github.com/nats-io/nats.go v1.50.0 h1:5zAeQrTvyrKrWLJ0fu02W3br8ym57qf7csDzgLOpcds=
github.com/nats-io/nats.go v1.50.0/go.mod h1:26HypzazeOkyO3/mqd1zZd53STJN0EjCYF9Uy2ZOBno=
github.com/rs/zerolog v1.35.0 h1:VD0ykx7HMiMJytqINBsKcbLS+BJ4WYjz+05us+LRTdI=
github.com/rs/zerolog v1.35.0/go.mod h1:EjML9kdfa/RMA7h/6z6pYmq1ykOuA8/mjWaEvGI+jcw=
